# This file is automatically @generated by Cargo.
# It is not intended for manual editing.
version = 4

[[package]]
name = "aho-corasick"
version = "1.1.3"
source = "registry+https://github.com/rust-lang/crates.io-index"
checksum = "8e60d3430d3a69478ad0993f19238d2df97c507009a52b3c10addcd7f6bcb916"
dependencies = [
 "memchr",
]

[[package]]
name = "aliasable"
version = "0.1.3"
source = "registry+https://github.com/rust-lang/crates.io-index"
checksum = "250f629c0161ad8107cf89319e990051fae62832fd343083bea452d93e2205fd"

[[package]]
name = "anstream"
version = "0.6.21"
source = "registry+https://github.com/rust-lang/crates.io-index"
checksum = "43d5b281e737544384e969a5ccad3f1cdd24b48086a0fc1b2a5262a26b8f4f4a"
dependencies = [
 "anstyle",
 "anstyle-parse",
 "anstyle-query",
 "anstyle-wincon",
 "colorchoice",
 "is_terminal_polyfill",
 "utf8parse",
]

[[package]]
name = "anstyle"
version = "1.0.13"
source = "registry+https://github.com/rust-lang/crates.io-index"
checksum = "5192cca8006f1fd4f7237516f40fa183bb07f8fbdfedaa0036de5ea9b0b45e78"

[[package]]
name = "anstyle-parse"
version = "0.2.7"
source = "registry+https://github.com/rust-lang/crates.io-index"
checksum = "4e7644824f0aa2c7b9384579234ef10eb7efb6a0deb83f9630a49594dd9c15c2"
dependencies = [
 "utf8parse",
]

[[package]]
name = "anstyle-query"
version = "1.1.5"
source = "registry+https://github.com/rust-lang/crates.io-index"
checksum = "40c48f72fd53cd289104fc64099abca73db4166ad86ea0b4341abe65af83dadc"
dependencies = [
 "windows-sys 0.61.2",
]

[[package]]
name = "anstyle-wincon"
version = "3.0.11"
source = "registry+https://github.com/rust-lang/crates.io-index"
checksum = "291e6a250ff86cd4a820112fb8898808a366d8f9f58ce16d1f538353ad55747d"
dependencies = [
 "anstyle",
 "once_cell_polyfill",
 "windows-sys 0.61.2",
]

[[package]]
name = "argparse"
version = "0.2.2"
source = "registry+https://github.com/rust-lang/crates.io-index"
checksum = "3f8ebf5827e4ac4fd5946560e6a99776ea73b596d80898f357007317a7141e47"

[[package]]
name = "autocfg"
version = "1.5.0"
source = "registry+https://github.com/rust-lang/crates.io-index"
checksum = "c08606f8c3cbf4ce6ec8e28fb0014a2c086708fe954eaa885384a6165172e7e8"

[[package]]
name = "bitflags"
version = "2.9.1"
source = "registry+https://github.com/rust-lang/crates.io-index"
checksum = "1b8e56985ec62d17e9c1001dc89c88ecd7dc08e47eba5ec7c29c7b5eeecde967"

[[package]]
name = "cc"
version = "1.2.55"
source = "registry+https://github.com/rust-lang/crates.io-index"
checksum = "47b26a0954ae34af09b50f0de26458fa95369a0d478d8236d3f93082b219bd29"
dependencies = [
 "find-msvc-tools",
 "shlex",
]

[[package]]
name = "cfg-if"
version = "1.0.1"
source = "registry+https://github.com/rust-lang/crates.io-index"
checksum = "9555578bc9e57714c812a1f84e4fc5b4d21fcb063490c624de019f7464c91268"

[[package]]
name = "clap"
version = "4.5.57"
source = "registry+https://github.com/rust-lang/crates.io-index"
checksum = "6899ea499e3fb9305a65d5ebf6e3d2248c5fab291f300ad0a704fbe142eae31a"
dependencies = [
 "clap_builder",
 "clap_derive",
]

[[package]]
name = "clap_builder"
version = "4.5.57"
source = "registry+https://github.com/rust-lang/crates.io-index"
checksum = "7b12c8b680195a62a8364d16b8447b01b6c2c8f9aaf68bee653be34d4245e238"
dependencies = [
 "anstream",
 "anstyle",
 "clap_lex",
 "strsim",
]

[[package]]
name = "clap_derive"
version = "4.5.55"
source = "registry+https://github.com/rust-lang/crates.io-index"
checksum = "a92793da1a46a5f2a02a6f4c46c6496b28c43638adea8306fcb0caa1634f24e5"
dependencies = [
 "heck 0.5.0",
 "proc-macro2",
 "quote",
 "syn 2.0.116",
]

[[package]]
name = "clap_lex"
version = "0.7.7"
source = "registry+https://github.com/rust-lang/crates.io-index"
checksum = "c3e64b0cc0439b12df2fa678eae89a1c56a529fd067a9115f7827f1fffd22b32"

[[package]]
name = "colorchoice"
version = "1.0.4"
source = "registry+https://github.com/rust-lang/crates.io-index"
checksum = "b05b61dc5112cbb17e4b6cd61790d9845d13888356391624cbe7e41efeac1e75"

[[package]]
name = "contracts"
version = "0.6.6"
source = "registry+https://github.com/rust-lang/crates.io-index"
checksum = "dc486fc59d4d0e52ea0b4461a12720c8617338c9ee955cc4013fb7319d264abd"
dependencies = [
 "proc-macro2",
 "quote",
 "syn 2.0.116",
]

[[package]]
name = "core-foundation-sys"
version = "0.8.7"
source = "registry+https://github.com/rust-lang/crates.io-index"
checksum = "773648b94d0e5d620f64f280777445740e61fe701025087ec8b57f45c791888b"

[[package]]
name = "crossbeam-deque"
version = "0.8.6"
source = "registry+https://github.com/rust-lang/crates.io-index"
checksum = "9dd111b7b7f7d55b72c0a6ae361660ee5853c9af73f70c3c2ef6858b950e2e51"
dependencies = [
 "crossbeam-epoch",
 "crossbeam-utils",
]

[[package]]
name = "crossbeam-epoch"
version = "0.9.18"
source = "registry+https://github.com/rust-lang/crates.io-index"
checksum = "5b82ac4a3c2ca9c3460964f020e1402edd5753411d7737aa39c3714ad1b5420e"
dependencies = [
 "crossbeam-utils",
]

[[package]]
name = "crossbeam-utils"
version = "0.8.21"
source = "registry+https://github.com/rust-lang/crates.io-index"
checksum = "d0a5c400df2834b80a4c3327b3aad3a4c4cd4de0629063962b03235697506a28"

[[package]]
name = "csv"
version = "1.4.0"
source = "registry+https://github.com/rust-lang/crates.io-index"
checksum = "52cd9d68cf7efc6ddfaaee42e7288d3a99d613d4b50f76ce9827ae0c6e14f938"
dependencies = [
 "csv-core",
 "itoa",
 "ryu",
 "serde_core",
]

[[package]]
name = "csv-core"
version = "0.1.13"
source = "registry+https://github.com/rust-lang/crates.io-index"
checksum = "704a3c26996a80471189265814dbc2c257598b96b8a7feae2d31ace646bb9782"
dependencies = [
 "memchr",
]

[[package]]
name = "dashmap"
version = "6.1.0"
source = "registry+https://github.com/rust-lang/crates.io-index"
checksum = "5041cc499144891f3790297212f32a74fb938e5136a14943f338ef9e0ae276cf"
dependencies = [
 "cfg-if",
 "crossbeam-utils",
 "hashbrown 0.14.5",
 "lock_api",
 "once_cell",
 "parking_lot_core",
]

[[package]]
name = "either"
version = "1.15.0"
source = "registry+https://github.com/rust-lang/crates.io-index"
checksum = "48c757948c5ede0e46177b7add2e67155f70e33c07fea8284df6576da70b3719"

[[package]]
name = "env_home"
version = "0.1.0"
source = "registry+https://github.com/rust-lang/crates.io-index"
checksum = "c7f84e12ccf0a7ddc17a6c41c93326024c42920d7ee630d04950e6926645c0fe"

[[package]]
name = "equivalent"
version = "1.0.2"
source = "registry+https://github.com/rust-lang/crates.io-index"
checksum = "877a4ace8713b0bcf2a4e7eec82529c029f1d0619886d18145fea96c3ffe5c0f"

[[package]]
name = "errno"
version = "0.3.13"
source = "registry+https://github.com/rust-lang/crates.io-index"
checksum = "778e2ac28f6c47af28e4907f13ffd1e1ddbd400980a9abd7c8df189bf578a5ad"
dependencies = [
 "libc",
 "windows-sys 0.59.0",
]

[[package]]
name = "fastrand"
version = "2.3.0"
source = "registry+https://github.com/rust-lang/crates.io-index"
checksum = "37909eebbb50d72f9059c3b6d82c0463f2ff062c9e95845c43a6c9c0355411be"

[[package]]
name = "find-msvc-tools"
version = "0.1.9"
source = "registry+https://github.com/rust-lang/crates.io-index"
checksum = "5baebc0774151f905a1a2cc41989300b1e6fbb29aff0ceffa1064fdd3088d582"

[[package]]
name = "getrandom"
version = "0.3.3"
source = "registry+https://github.com/rust-lang/crates.io-index"
checksum = "26145e563e54f2cadc477553f1ec5ee650b00862f0a58bcd12cbdc5f0ea2d2f4"
dependencies = [
 "cfg-if",
 "libc",
 "r-efi",
 "wasi",
]

[[package]]
name = "gxhash"
version = "3.5.0"
source = "registry+https://github.com/rust-lang/crates.io-index"
checksum = "f3ce1bab7aa741d4e7042b2aae415b78741f267a98a7271ea226cd5ba6c43d7d"
dependencies = [
 "rustversion",
]

[[package]]
name = "hashbrown"
version = "0.14.5"
source = "registry+https://github.com/rust-lang/crates.io-index"
checksum = "e5274423e17b7c9fc20b6e7e208532f9b19825d82dfd615708b70edd83df41f1"

[[package]]
name = "hashbrown"
version = "0.15.4"
source = "registry+https://github.com/rust-lang/crates.io-index"
checksum = "5971ac85611da7067dbfcabef3c70ebb5606018acd9e2a3903a0da507521e0d5"

[[package]]
name = "heck"
version = "0.4.1"
source = "registry+https://github.com/rust-lang/crates.io-index"
checksum = "95505c38b4572b2d910cecb0281560f54b440a19336cbbcb27bf6ce6adc6f5a8"

[[package]]
name = "heck"
version = "0.5.0"
source = "registry+https://github.com/rust-lang/crates.io-index"
checksum = "2304e00983f87ffb38b55b444b5e3b60a884b5d30c0fca7d82fe33449bbe55ea"

[[package]]
name = "indexmap"
version = "2.10.0"
source = "registry+https://github.com/rust-lang/crates.io-index"
checksum = "fe4cd85333e22411419a0bcae1297d25e58c9443848b11dc6a86fefe8c78a661"
dependencies = [
 "equivalent",
 "hashbrown 0.15.4",
]

[[package]]
name = "is_terminal_polyfill"
version = "1.70.2"
source = "registry+https://github.com/rust-lang/crates.io-index"
checksum = "a6cb138bb79a146c1bd460005623e142ef0181e3d0219cb493e02f7d08a35695"

[[package]]
name = "itertools"
version = "0.14.0"
source = "registry+https://github.com/rust-lang/crates.io-index"
checksum = "2b192c782037fadd9cfa75548310488aabdbf3d2da73885b31bd0abd03351285"
dependencies = [
 "either",
]

[[package]]
name = "itoa"
version = "1.0.15"
source = "registry+https://github.com/rust-lang/crates.io-index"
checksum = "4a5f13b858c8d314ee3e8f639011f7ccefe71f97f96e50151fb991f267928e2c"

[[package]]
name = "jzon"
version = "0.12.5"
source = "registry+https://github.com/rust-lang/crates.io-index"
checksum = "17ab85f84ca42c5ec520e6f3c9966ba1fd62909ce260f8837e248857d2560509"

[[package]]
name = "lazy_static"
version = "1.5.0"
source = "registry+https://github.com/rust-lang/crates.io-index"
checksum = "bbd2bcb4c963f2ddae06a2efc7e9f3591312473c50c6685e1f298068316e66fe"

[[package]]
name = "libc"
version = "0.2.174"
source = "registry+https://github.com/rust-lang/crates.io-index"
checksum = "1171693293099992e19cddea4e8b849964e9846f4acee11b3948bcc337be8776"

[[package]]
name = "linux-raw-sys"
version = "0.9.4"
source = "registry+https://github.com/rust-lang/crates.io-index"
checksum = "cd945864f07fe9f5371a27ad7b52a172b4b499999f1d97574c9fa68373937e12"

[[package]]
name = "lock_api"
version = "0.4.13"
source = "registry+https://github.com/rust-lang/crates.io-index"
checksum = "96936507f153605bddfcda068dd804796c84324ed2510809e5b2a624c81da765"
dependencies = [
 "autocfg",
 "scopeguard",
]

[[package]]
name = "log"
version = "0.4.27"
source = "registry+https://github.com/rust-lang/crates.io-index"
checksum = "13dc2df351e3202783a1fe0d44375f7295ffb4049267b0f3018346dc122a1d94"

[[package]]
name = "matchers"
version = "0.1.0"
source = "registry+https://github.com/rust-lang/crates.io-index"
checksum = "8263075bb86c5a1b1427b5ae862e8889656f126e9f77c484496e8b47cf5c5558"
dependencies = [
 "regex-automata 0.1.10",
]

[[package]]
name = "memchr"
version = "2.7.5"
source = "registry+https://github.com/rust-lang/crates.io-index"
checksum = "32a282da65faaf38286cf3be983213fcf1d2e2a58700e808f83f4ea9a4804bc0"

[[package]]
name = "ntapi"
version = "0.4.2"
source = "registry+https://github.com/rust-lang/crates.io-index"
checksum = "c70f219e21142367c70c0b30c6a9e3a14d55b4d12a204d897fbec83a0363f081"
dependencies = [
 "winapi",
]

[[package]]
name = "nu-ansi-term"
version = "0.46.0"
source = "registry+https://github.com/rust-lang/crates.io-index"
checksum = "77a8165726e8236064dbb45459242600304b42a5ea24ee2948e18e023bf7ba84"
dependencies = [
 "overload",
 "winapi",
]

[[package]]
name = "once_cell"
version = "1.21.3"
source = "registry+https://github.com/rust-lang/crates.io-index"
checksum = "42f5e15c9953c5e4ccceeb2e7382a716482c34515315f7b03532b8b4e8393d2d"

[[package]]
name = "once_cell_polyfill"
version = "1.70.2"
source = "registry+https://github.com/rust-lang/crates.io-index"
checksum = "384b8ab6d37215f3c5301a95a4accb5d64aa607f1fcb26a11b5303878451b4fe"

[[package]]
name = "ouroboros"
version = "0.18.5"
source = "registry+https://github.com/rust-lang/crates.io-index"
checksum = "1e0f050db9c44b97a94723127e6be766ac5c340c48f2c4bb3ffa11713744be59"
dependencies = [
 "aliasable",
 "ouroboros_macro",
 "static_assertions",
]

[[package]]
name = "ouroboros_macro"
version = "0.18.5"
source = "registry+https://github.com/rust-lang/crates.io-index"
checksum = "3c7028bdd3d43083f6d8d4d5187680d0d3560d54df4cc9d752005268b41e64d0"
dependencies = [
 "heck 0.4.1",
 "proc-macro2",
 "proc-macro2-diagnostics",
 "quote",
 "syn 2.0.116",
]

[[package]]
name = "overload"
version = "0.1.1"
source = "registry+https://github.com/rust-lang/crates.io-index"
checksum = "b15813163c1d831bf4a13c3610c05c0d03b39feb07f7e09fa234dac9b15aaf39"

[[package]]
name = "parking_lot_core"
version = "0.9.11"
source = "registry+https://github.com/rust-lang/crates.io-index"
checksum = "bc838d2a56b5b1a6c25f55575dfc605fabb63bb2365f6c2353ef9159aa69e4a5"
dependencies = [
 "cfg-if",
 "libc",
 "redox_syscall",
 "smallvec",
 "windows-targets",
]

[[package]]
name = "pin-project-lite"
version = "0.2.16"
source = "registry+https://github.com/rust-lang/crates.io-index"
checksum = "3b3cff922bd51709b605d9ead9aa71031d81447142d828eb4a6eba76fe619f9b"

[[package]]
name = "prjunnamed-netlist"
version = "0.1.0"
source = "git+https://github.com/nickrallison/prjunnamed?rev=2d8829bf6df1215aa471064033ea7f8084b8d701#2d8829bf6df1215aa471064033ea7f8084b8d701"
dependencies = [
 "indexmap",
 "yap",
]

[[package]]
name = "prjunnamed-yosys_json"
version = "0.1.0"
source = "git+https://github.com/nickrallison/prjunnamed?rev=2d8829bf6df1215aa471064033ea7f8084b8d701#2d8829bf6df1215aa471064033ea7f8084b8d701"
dependencies = [
 "jzon",
 "prjunnamed-netlist",
]

[[package]]
name = "proc-macro-error"
version = "1.0.4"
source = "registry+https://github.com/rust-lang/crates.io-index"
checksum = "da25490ff9892aab3fcf7c36f08cfb902dd3e71ca0f9f9517bea02a73a5ce38c"
dependencies = [
 "proc-macro-error-attr",
 "proc-macro2",
 "quote",
 "syn 1.0.109",
 "version_check",
]

[[package]]
name = "proc-macro-error-attr"
version = "1.0.4"
source = "registry+https://github.com/rust-lang/crates.io-index"
checksum = "a1be40180e52ecc98ad80b184934baf3d0d29f979574e439af5a55274b35f869"
dependencies = [
 "proc-macro2",
 "quote",
 "version_check",
]

[[package]]
name = "proc-macro2"
version = "1.0.95"
source = "registry+https://github.com/rust-lang/crates.io-index"
checksum = "02b3e5e68a3a1a02aad3ec490a98007cbc13c37cbe84a3cd7b8e406d76e7f778"
dependencies = [
 "unicode-ident",
]

[[package]]
name = "proc-macro2-diagnostics"
version = "0.10.1"
source = "registry+https://github.com/rust-lang/crates.io-index"
checksum = "af066a9c399a26e020ada66a034357a868728e72cd426f3adcd35f80d88d88c8"
dependencies = [
 "proc-macro2",
 "quote",
 "syn 2.0.116",
 "version_check",
 "yansi",
]

[[package]]
name = "quote"
version = "1.0.40"
source = "registry+https://github.com/rust-lang/crates.io-index"
checksum = "1885c039570dc00dcb4ff087a89e185fd56bae234ddc7f056a945bf36467248d"
dependencies = [
 "proc-macro2",
]

[[package]]
name = "r-efi"
version = "5.3.0"
source = "registry+https://github.com/rust-lang/crates.io-index"
checksum = "69cdb34c158ceb288df11e18b4bd39de994f6657d83847bdffdbd7f346754b0f"

[[package]]
name = "rayon"
version = "1.11.0"
source = "registry+https://github.com/rust-lang/crates.io-index"
checksum = "368f01d005bf8fd9b1206fb6fa653e6c4a81ceb1466406b81792d87c5677a58f"
dependencies = [
 "either",
 "rayon-core",
]

[[package]]
name = "rayon-core"
version = "1.13.0"
source = "registry+https://github.com/rust-lang/crates.io-index"
checksum = "22e18b0f0062d30d4230b2e85ff77fdfe4326feb054b9783a3460d8435c8ab91"
dependencies = [
 "crossbeam-deque",
 "crossbeam-utils",
]

[[package]]
name = "redox_syscall"
version = "0.5.17"
source = "registry+https://github.com/rust-lang/crates.io-index"
checksum = "5407465600fb0548f1442edf71dd20683c6ed326200ace4b1ef0763521bb3b77"
dependencies = [
 "bitflags",
]

[[package]]
name = "regex"
version = "1.11.1"
source = "registry+https://github.com/rust-lang/crates.io-index"
checksum = "b544ef1b4eac5dc2db33ea63606ae9ffcfac26c1416a2806ae0bf5f56b201191"
dependencies = [
 "aho-corasick",
 "memchr",
 "regex-automata 0.4.9",
 "regex-syntax 0.8.5",
]

[[package]]
name = "regex-automata"
version = "0.1.10"
source = "registry+https://github.com/rust-lang/crates.io-index"
checksum = "6c230d73fb8d8c1b9c0b3135c5142a8acee3a0558fb8db5cf1cb65f8d7862132"
dependencies = [
 "regex-syntax 0.6.29",
]

[[package]]
name = "regex-automata"
version = "0.4.9"
source = "registry+https://github.com/rust-lang/crates.io-index"
checksum = "809e8dc61f6de73b46c85f4c96486310fe304c434cfa43669d7b40f711150908"
dependencies = [
 "aho-corasick",
 "memchr",
 "regex-syntax 0.8.5",
]

[[package]]
name = "regex-syntax"
version = "0.6.29"
source = "registry+https://github.com/rust-lang/crates.io-index"
checksum = "f162c6dd7b008981e4d40210aca20b4bd0f9b60ca9271061b07f78537722f2e1"

[[package]]
name = "regex-syntax"
version = "0.8.5"
source = "registry+https://github.com/rust-lang/crates.io-index"
checksum = "2b15c43186be67a4fd63bee50d0303afffcef381492ebe2c5d87f324e1b8815c"

[[package]]
name = "rustix"
version = "1.0.8"
source = "registry+https://github.com/rust-lang/crates.io-index"
checksum = "11181fbabf243db407ef8df94a6ce0b2f9a733bd8be4ad02b4eda9602296cac8"
dependencies = [
 "bitflags",
 "errno",
 "libc",
 "linux-raw-sys",
 "windows-sys 0.59.0",
]

[[package]]
name = "rustversion"
version = "1.0.22"
source = "registry+https://github.com/rust-lang/crates.io-index"
checksum = "b39cdef0fa800fc44525c84ccb54a029961a8215f9619753635a9c0d2538d46d"

[[package]]
name = "ryu"
version = "1.0.20"
source = "registry+https://github.com/rust-lang/crates.io-index"
checksum = "28d3b2b1366ec20994f1fd18c3c594f05c5dd4bc44d8bb0c1c632c8d6829481f"

[[package]]
name = "same-file"
version = "1.0.6"
source = "registry+https://github.com/rust-lang/crates.io-index"
checksum = "93fc1dc3aaa9bfed95e02e6eadabb4baf7e3078b0bd1b4d7b6b0b68378900502"
dependencies = [
 "winapi-util",
]

[[package]]
name = "scopeguard"
version = "1.2.0"
source = "registry+https://github.com/rust-lang/crates.io-index"
checksum = "94143f37725109f92c262ed2cf5e59bce7498c01bcc1502d7b9afe439a4e9f49"

[[package]]
name = "serde"
version = "1.0.228"
source = "registry+https://github.com/rust-lang/crates.io-index"
checksum = "9a8e94ea7f378bd32cbbd37198a4a91436180c5bb472411e48b5ec2e2124ae9e"
dependencies = [
 "serde_core",
 "serde_derive",
]

[[package]]
name = "serde_core"
version = "1.0.228"
source = "registry+https://github.com/rust-lang/crates.io-index"
checksum = "41d385c7d4ca58e59fc732af25c3983b67ac852c1a25000afe1175de458b67ad"
dependencies = [
 "serde_derive",
]

[[package]]
name = "serde_derive"
version = "1.0.228"
source = "registry+https://github.com/rust-lang/crates.io-index"
checksum = "d540f220d3187173da220f885ab66608367b6574e925011a9353e4badda91d79"
dependencies = [
 "proc-macro2",
 "quote",
 "syn 2.0.116",
]

[[package]]
name = "serde_json"
version = "1.0.143"
source = "registry+https://github.com/rust-lang/crates.io-index"
checksum = "d401abef1d108fbd9cbaebc3e46611f4b1021f714a0597a71f41ee463f5f4a5a"
dependencies = [
 "itoa",
 "memchr",
 "ryu",
 "serde",
]

[[package]]
name = "sharded-slab"
version = "0.1.7"
source = "registry+https://github.com/rust-lang/crates.io-index"
checksum = "f40ca3c46823713e0d4209592e8d6e826aa57e928f09752619fc696c499637f6"
dependencies = [
 "lazy_static",
]

[[package]]
name = "shlex"
version = "1.3.0"
source = "registry+https://github.com/rust-lang/crates.io-index"
checksum = "0fda2ff0d084019ba4d7c6f371c95d8fd75ce3524c3cb8fb653a3023f6323e64"

[[package]]
name = "smallvec"
version = "1.15.1"
source = "registry+https://github.com/rust-lang/crates.io-index"
checksum = "67b1b7a3b5fe4f1376887184045fcf45c69e92af734b7aaddc05fb777b6fbd03"

[[package]]
name = "static_assertions"
version = "1.1.0"
source = "registry+https://github.com/rust-lang/crates.io-index"
checksum = "a2eb9349b6444b326872e140eb1cf5e7c522154d69e7a0ffb0fb81c06b37543f"

[[package]]
name = "strsim"
version = "0.11.1"
source = "registry+https://github.com/rust-lang/crates.io-index"
checksum = "7da8b5736845d9f2fcb837ea5d9e2628564b3b043a70948a3f0b778838c5fb4f"

[[package]]
name = "svql_cli"
version = "0.1.0"
dependencies = [
 "clap",
 "rayon",
 "svql_common",
 "svql_driver",
 "svql_query",
 "svql_query_lib",
 "tikv-jemallocator",
 "tracing",
 "tracing-subscriber",
]

[[package]]
name = "svql_common"
version = "0.1.0"
source = "git+https://github.com/nickrallison/svql?branch=main#eb1876e3cf9ba5328454acae67127865b2a91b65"
dependencies = [
 "argparse",
 "contracts",
 "dashmap",
 "gxhash",
 "lazy_static",
 "prjunnamed-netlist",
 "prjunnamed-yosys_json",
 "regex",
 "tempfile",
 "tracing",
 "which",
]

[[package]]
name = "svql_driver"
version = "0.1.0"
source = "git+https://github.com/nickrallison/svql?branch=main#eb1876e3cf9ba5328454acae67127865b2a91b65"
dependencies = [
 "contracts",
 "gxhash",
 "ouroboros",
 "prjunnamed-netlist",
 "prjunnamed-yosys_json",
 "proc-macro2",
 "quote",
 "regex",
 "svql_common",
 "svql_subgraph",
 "tempfile",
 "thiserror",
 "tracing",
 "which",
]

[[package]]
name = "svql_macros"
version = "0.1.0"
source = "git+https://github.com/nickrallison/svql?branch=main#eb1876e3cf9ba5328454acae67127865b2a91b65"
dependencies = [
 "itertools",
 "proc-macro-error",
 "proc-macro2",
 "quote",
 "syn 2.0.116",
]

[[package]]
name = "svql_query"
version = "0.1.0"
source = "git+https://github.com/nickrallison/svql?branch=main#eb1876e3cf9ba5328454acae67127865b2a91b65"
dependencies = [
 "argparse",
 "contracts",
 "csv",
 "gxhash",
 "itertools",
 "lazy_static",
 "prjunnamed-netlist",
 "proc-macro2",
 "quote",
 "rayon",
 "regex",
 "serde",
 "serde_json",
 "svql_common",
 "svql_driver",
 "svql_macros",
 "svql_subgraph",
 "syn 2.0.116",
 "sysinfo",
 "thiserror",
 "tracing",
 "tracing-subscriber",
 "unstringify",
 "walkdir",
 "which",
]

[[package]]
name = "svql_query_lib"
version = "0.1.0"
source = "git+https://github.com/nickrallison/svql?branch=main#eb1876e3cf9ba5328454acae67127865b2a91b65"
dependencies = [
 "argparse",
 "contracts",
 "gxhash",
 "itertools",
 "lazy_static",
 "prjunnamed-netlist",
 "proc-macro2",
 "quote",
 "regex",
 "serde",
 "serde_json",
 "svql_common",
 "svql_driver",
 "svql_macros",
 "svql_query",
 "svql_subgraph",
 "syn 2.0.116",
 "sysinfo",
 "thiserror",
 "tikv-jemallocator",
 "tracing",
 "tracing-subscriber",
 "unstringify",
 "walkdir",
]

[[package]]
name = "svql_subgraph"
version = "0.1.0"
source = "git+https://github.com/nickrallison/svql?branch=main#eb1876e3cf9ba5328454acae67127865b2a91b65"
dependencies = [
 "contracts",
 "dashmap",
 "gxhash",
 "itertools",
 "prjunnamed-netlist",
 "prjunnamed-yosys_json",
 "proc-macro2",
 "quote",
 "regex",
 "svql_common",
 "tempfile",
 "thiserror",
 "tracing",
 "tracing-subscriber",
 "which",
]

[[package]]
name = "syn"
version = "1.0.109"
source = "registry+https://github.com/rust-lang/crates.io-index"
checksum = "72b64191b275b66ffe2469e8af2c1cfe3bafa67b529ead792a6d0160888b4237"
dependencies = [
 "proc-macro2",
 "unicode-ident",
]

[[package]]
name = "syn"
version = "2.0.116"
source = "registry+https://github.com/rust-lang/crates.io-index"
checksum = "3df424c70518695237746f84cede799c9c58fcb37450d7b23716568cc8bc69cb"
dependencies = [
 "proc-macro2",
 "quote",
 "unicode-ident",
]

[[package]]
name = "sysinfo"
version = "0.33.1"
source = "registry+https://github.com/rust-lang/crates.io-index"
checksum = "4fc858248ea01b66f19d8e8a6d55f41deaf91e9d495246fd01368d99935c6c01"
dependencies = [
 "core-foundation-sys",
 "libc",
 "memchr",
 "ntapi",
 "rayon",
 "windows",
]

[[package]]
name = "tempfile"
version = "3.20.0"
source = "registry+https://github.com/rust-lang/crates.io-index"
checksum = "e8a64e3985349f2441a1a9ef0b853f869006c3855f2cda6862a94d26ebb9d6a1"
dependencies = [
 "fastrand",
 "getrandom",
 "once_cell",
 "rustix",
 "windows-sys 0.59.0",
]

[[package]]
name = "thiserror"
version = "2.0.12"
source = "registry+https://github.com/rust-lang/crates.io-index"
checksum = "567b8a2dae586314f7be2a752ec7474332959c6460e02bde30d702a66d488708"
dependencies = [
 "thiserror-impl",
]

[[package]]
name = "thiserror-impl"
version = "2.0.12"
source = "registry+https://github.com/rust-lang/crates.io-index"
checksum = "7f7cf42b4507d8ea322120659672cf1b9dbb93f8f2d4ecfd6e51350ff5b17a1d"
dependencies = [
 "proc-macro2",
 "quote",
 "syn 2.0.116",
]

[[package]]
name = "thread_local"
version = "1.1.9"
source = "registry+https://github.com/rust-lang/crates.io-index"
checksum = "f60246a4944f24f6e018aa17cdeffb7818b76356965d03b07d6a9886e8962185"
dependencies = [
 "cfg-if",
]

[[package]]
name = "tikv-jemalloc-sys"
version = "0.6.1+5.3.0-1-ge13ca993e8ccb9ba9847cc330696e02839f328f7"
source = "registry+https://github.com/rust-lang/crates.io-index"
checksum = "cd8aa5b2ab86a2cefa406d889139c162cbb230092f7d1d7cbc1716405d852a3b"
dependencies = [
 "cc",
 "libc",
]

[[package]]
name = "tikv-jemallocator"
version = "0.6.1"
source = "registry+https://github.com/rust-lang/crates.io-index"
checksum = "0359b4327f954e0567e69fb191cf1436617748813819c94b8cd4a431422d053a"
dependencies = [
 "libc",
 "tikv-jemalloc-sys",
]

[[package]]
name = "tracing"
version = "0.1.41"
source = "registry+https://github.com/rust-lang/crates.io-index"
checksum = "784e0ac535deb450455cbfa28a6f0df145ea1bb7ae51b821cf5e7927fdcfbdd0"
dependencies = [
 "pin-project-lite",
 "tracing-attributes",
 "tracing-core",
]

[[package]]
name = "tracing-attributes"
version = "0.1.30"
source = "registry+https://github.com/rust-lang/crates.io-index"
checksum = "81383ab64e72a7a8b8e13130c49e3dab29def6d0c7d76a03087b3cf71c5c6903"
dependencies = [
 "proc-macro2",
 "quote",
 "syn 2.0.116",
]

[[package]]
name = "tracing-core"
version = "0.1.34"
source = "registry+https://github.com/rust-lang/crates.io-index"
checksum = "b9d12581f227e93f094d3af2ae690a574abb8a2b9b7a96e7cfe9647b2b617678"
dependencies = [
 "once_cell",
 "valuable",
]

[[package]]
name = "tracing-log"
version = "0.2.0"
source = "registry+https://github.com/rust-lang/crates.io-index"
checksum = "ee855f1f400bd0e5c02d150ae5de3840039a3f54b025156404e34c23c03f47c3"
dependencies = [
 "log",
 "once_cell",
 "tracing-core",
]

[[package]]
name = "tracing-subscriber"
version = "0.3.19"
source = "registry+https://github.com/rust-lang/crates.io-index"
checksum = "e8189decb5ac0fa7bc8b96b7cb9b2701d60d48805aca84a238004d665fcc4008"
dependencies = [
 "matchers",
 "nu-ansi-term",
 "once_cell",
 "regex",
 "sharded-slab",
 "smallvec",
 "thread_local",
 "tracing",
 "tracing-core",
 "tracing-log",
]

[[package]]
name = "unicode-ident"
version = "1.0.18"
source = "registry+https://github.com/rust-lang/crates.io-index"
checksum = "5a5f39404a5da50712a4c1eecf25e90dd62b613502b7e925fd4e4d19b5c96512"

[[package]]
name = "unstringify"
version = "0.1.4"
source = "registry+https://github.com/rust-lang/crates.io-index"
checksum = "9612d66420ead229348915b911ad9689e79dfc347fe7a876a82551c8eab36b5e"

[[package]]
name = "utf8parse"
version = "0.2.2"
source = "registry+https://github.com/rust-lang/crates.io-index"
checksum = "06abde3611657adf66d383f00b093d7faecc7fa57071cce2578660c9f1010821"

[[package]]
name = "valuable"
version = "0.1.1"
source = "registry+https://github.com/rust-lang/crates.io-index"
checksum = "ba73ea9cf16a25df0c8caa16c51acb937d5712a8429db78a3ee29d5dcacd3a65"

[[package]]
name = "version_check"
version = "0.9.5"
source = "registry+https://github.com/rust-lang/crates.io-index"
checksum = "0b928f33d975fc6ad9f86c8f283853ad26bdd5b10b7f1542aa2fa15e2289105a"

[[package]]
name = "walkdir"
version = "2.5.0"
source = "registry+https://github.com/rust-lang/crates.io-index"
checksum = "29790946404f91d9c5d06f9874efddea1dc06c5efe94541a7d6863108e3a5e4b"
dependencies = [
 "same-file",
 "winapi-util",
]

[[package]]
name = "wasi"
version = "0.14.2+wasi-0.2.4"
source = "registry+https://github.com/rust-lang/crates.io-index"
checksum = "9683f9a5a998d873c0d21fcbe3c083009670149a8fab228644b8bd36b2c48cb3"
dependencies = [
 "wit-bindgen-rt",
]

[[package]]
name = "which"
version = "8.0.0"
source = "registry+https://github.com/rust-lang/crates.io-index"
checksum = "d3fabb953106c3c8eea8306e4393700d7657561cb43122571b172bbfb7c7ba1d"
dependencies = [
 "env_home",
 "rustix",
 "winsafe",
]

[[package]]
name = "winapi"
version = "0.3.9"
source = "registry+https://github.com/rust-lang/crates.io-index"
checksum = "5c839a674fcd7a98952e593242ea400abe93992746761e38641405d28b00f419"
dependencies = [
 "winapi-i686-pc-windows-gnu",
 "winapi-x86_64-pc-windows-gnu",
]

[[package]]
name = "winapi-i686-pc-windows-gnu"
version = "0.4.0"
source = "registry+https://github.com/rust-lang/crates.io-index"
checksum = "ac3b87c63620426dd9b991e5ce0329eff545bccbbb34f3be09ff6fb6ab51b7b6"

[[package]]
name = "winapi-util"
version = "0.1.10"
source = "registry+https://github.com/rust-lang/crates.io-index"
checksum = "0978bf7171b3d90bac376700cb56d606feb40f251a475a5d6634613564460b22"
dependencies = [
 "windows-sys 0.59.0",
]

[[package]]
name = "winapi-x86_64-pc-windows-gnu"
version = "0.4.0"
source = "registry+https://github.com/rust-lang/crates.io-index"
checksum = "712e227841d057c1ee1cd2fb22fa7e5a5461ae8e48fa2ca79ec42cfc1931183f"

[[package]]
name = "windows"
version = "0.57.0"
source = "registry+https://github.com/rust-lang/crates.io-index"
checksum = "12342cb4d8e3b046f3d80effd474a7a02447231330ef77d71daa6fbc40681143"
dependencies = [
 "windows-core",
 "windows-targets",
]

[[package]]
name = "windows-core"
version = "0.57.0"
source = "registry+https://github.com/rust-lang/crates.io-index"
checksum = "d2ed2439a290666cd67ecce2b0ffaad89c2a56b976b736e6ece670297897832d"
dependencies = [
 "windows-implement",
 "windows-interface",
 "windows-result",
 "windows-targets",
]

[[package]]
name = "windows-implement"
version = "0.57.0"
source = "registry+https://github.com/rust-lang/crates.io-index"
checksum = "9107ddc059d5b6fbfbffdfa7a7fe3e22a226def0b2608f72e9d552763d3e1ad7"
dependencies = [
 "proc-macro2",
 "quote",
 "syn 2.0.116",
]

[[package]]
name = "windows-interface"
version = "0.57.0"
source = "registry+https://github.com/rust-lang/crates.io-index"
checksum = "29bee4b38ea3cde66011baa44dba677c432a78593e202392d1e9070cf2a7fca7"
dependencies = [
 "proc-macro2",
 "quote",
 "syn 2.0.116",
]

[[package]]
name = "windows-link"
version = "0.2.1"
source = "registry+https://github.com/rust-lang/crates.io-index"
checksum = "f0805222e57f7521d6a62e36fa9163bc891acd422f971defe97d64e70d0a4fe5"

[[package]]
name = "windows-result"
version = "0.1.2"
source = "registry+https://github.com/rust-lang/crates.io-index"
checksum = "5e383302e8ec8515204254685643de10811af0ed97ea37210dc26fb0032647f8"
dependencies = [
 "windows-targets",
]

[[package]]
name = "windows-sys"
version = "0.59.0"
source = "registry+https://github.com/rust-lang/crates.io-index"
checksum = "1e38bc4d79ed67fd075bcc251a1c39b32a1776bbe92e5bef1f0bf1f8c531853b"
dependencies = [
 "windows-targets",
]

[[package]]
name = "windows-sys"
version = "0.61.2"
source = "registry+https://github.com/rust-lang/crates.io-index"
checksum = "ae137229bcbd6cdf0f7b80a31df61766145077ddf49416a728b02cb3921ff3fc"
dependencies = [
 "windows-link",
]

[[package]]
name = "windows-targets"
version = "0.52.6"
source = "registry+https://github.com/rust-lang/crates.io-index"
checksum = "9b724f72796e036ab90c1021d4780d4d3d648aca59e491e6b98e725b84e99973"
dependencies = [
 "windows_aarch64_gnullvm",
 "windows_aarch64_msvc",
 "windows_i686_gnu",
 "windows_i686_gnullvm",
 "windows_i686_msvc",
 "windows_x86_64_gnu",
 "windows_x86_64_gnullvm",
 "windows_x86_64_msvc",
]

[[package]]
name = "windows_aarch64_gnullvm"
version = "0.52.6"
source = "registry+https://github.com/rust-lang/crates.io-index"
checksum = "32a4622180e7a0ec044bb555404c800bc9fd9ec262ec147edd5989ccd0c02cd3"

[[package]]
name = "windows_aarch64_msvc"
version = "0.52.6"
source = "registry+https://github.com/rust-lang/crates.io-index"
checksum = "09ec2a7bb152e2252b53fa7803150007879548bc709c039df7627cabbd05d469"

[[package]]
name = "windows_i686_gnu"
version = "0.52.6"
source = "registry+https://github.com/rust-lang/crates.io-index"
checksum = "8e9b5ad5ab802e97eb8e295ac6720e509ee4c243f69d781394014ebfe8bbfa0b"

[[package]]
name = "windows_i686_gnullvm"
version = "0.52.6"
source = "registry+https://github.com/rust-lang/crates.io-index"
checksum = "0eee52d38c090b3caa76c563b86c3a4bd71ef1a819287c19d586d7334ae8ed66"

[[package]]
name = "windows_i686_msvc"
version = "0.52.6"
source = "registry+https://github.com/rust-lang/crates.io-index"
checksum = "240948bc05c5e7c6dabba28bf89d89ffce3e303022809e73deaefe4f6ec56c66"

[[package]]
name = "windows_x86_64_gnu"
version = "0.52.6"
source = "registry+https://github.com/rust-lang/crates.io-index"
checksum = "147a5c80aabfbf0c7d901cb5895d1de30ef2907eb21fbbab29ca94c5b08b1a78"

[[package]]
name = "windows_x86_64_gnullvm"
version = "0.52.6"
source = "registry+https://github.com/rust-lang/crates.io-index"
checksum = "24d5b23dc417412679681396f2b49f3de8c1473deb516bd34410872eff51ed0d"

[[package]]
name = "windows_x86_64_msvc"
version = "0.52.6"
source = "registry+https://github.com/rust-lang/crates.io-index"
checksum = "589f6da84c646204747d1270a2a5661ea66ed1cced2631d546fdfb155959f9ec"

[[package]]
name = "winsafe"
version = "0.0.19"
source = "registry+https://github.com/rust-lang/crates.io-index"
checksum = "d135d17ab770252ad95e9a872d365cf3090e3be864a34ab46f48555993efc904"

[[package]]
name = "wit-bindgen-rt"
version = "0.39.0"
source = "registry+https://github.com/rust-lang/crates.io-index"
checksum = "6f42320e61fe2cfd34354ecb597f86f413484a798ba44a8ca1165c58d42da6c1"
dependencies = [
 "bitflags",
]

[[package]]
name = "yansi"
version = "1.0.1"
source = "registry+https://github.com/rust-lang/crates.io-index"
checksum = "cfe53a6657fd280eaa890a3bc59152892ffa3e30101319d168b781ed6529b049"

[[package]]
name = "yap"
version = "0.12.0"
source = "registry+https://github.com/rust-lang/crates.io-index"
checksum = "bfe269e7b803a5e8e20cbd97860e136529cd83bf2c9c6d37b142467e7e1f051f"
