# This file is automatically @generated by Cargo.
# It is not intended for manual editing.
version = 4

[[package]]
name = "aho-corasick"
version = "1.1.3"
source = "registry+https://github.com/rust-lang/crates.io-index"
checksum = "8e60d3430d3a69478ad0993f19238d2df97c507009a52b3c10addcd7f6bcb916"
dependencies = [
 "memchr",
]

[[package]]
name = "anstream"
version = "0.6.19"
source = "registry+https://github.com/rust-lang/crates.io-index"
checksum = "301af1932e46185686725e0fad2f8f2aa7da69dd70bf6ecc44d6b703844a3933"
dependencies = [
 "anstyle",
 "anstyle-parse",
 "anstyle-query",
 "anstyle-wincon",
 "colorchoice",
 "is_terminal_polyfill",
 "utf8parse",
]

[[package]]
name = "anstyle"
version = "1.0.11"
source = "registry+https://github.com/rust-lang/crates.io-index"
checksum = "862ed96ca487e809f1c8e5a8447f6ee2cf102f846893800b20cebdf541fc6bbd"

[[package]]
name = "anstyle-parse"
version = "0.2.7"
source = "registry+https://github.com/rust-lang/crates.io-index"
checksum = "4e7644824f0aa2c7b9384579234ef10eb7efb6a0deb83f9630a49594dd9c15c2"
dependencies = [
 "utf8parse",
]

[[package]]
name = "anstyle-query"
version = "1.1.3"
source = "registry+https://github.com/rust-lang/crates.io-index"
checksum = "6c8bdeb6047d8983be085bab0ba1472e6dc604e7041dbf6fcd5e71523014fae9"
dependencies = [
 "windows-sys",
]

[[package]]
name = "anstyle-wincon"
version = "3.0.9"
source = "registry+https://github.com/rust-lang/crates.io-index"
checksum = "403f75924867bb1033c59fbf0797484329750cfbe3c4325cd33127941fabc882"
dependencies = [
 "anstyle",
 "once_cell_polyfill",
 "windows-sys",
]

[[package]]
name = "cc"
version = "1.2.30"
source = "registry+https://github.com/rust-lang/crates.io-index"
checksum = "deec109607ca693028562ed836a5f1c4b8bd77755c4e132fc5ce11b0b6211ae7"
dependencies = [
 "shlex",
]

[[package]]
name = "cfg-if"
version = "1.0.1"
source = "registry+https://github.com/rust-lang/crates.io-index"
checksum = "9555578bc9e57714c812a1f84e4fc5b4d21fcb063490c624de019f7464c91268"

[[package]]
name = "clap"
version = "4.5.40"
source = "registry+https://github.com/rust-lang/crates.io-index"
checksum = "40b6887a1d8685cebccf115538db5c0efe625ccac9696ad45c409d96566e910f"
dependencies = [
 "clap_builder",
]

[[package]]
name = "clap_builder"
version = "4.5.40"
source = "registry+https://github.com/rust-lang/crates.io-index"
checksum = "e0c66c08ce9f0c698cbce5c0279d0bb6ac936d8674174fe48f736533b964f59e"
dependencies = [
 "anstyle",
 "clap_lex",
 "strsim",
]

[[package]]
name = "clap_lex"
version = "0.7.5"
source = "registry+https://github.com/rust-lang/crates.io-index"
checksum = "b94f61472cee1439c0b966b47e3aca9ae07e45d070759512cd390ea2bebc6675"

[[package]]
name = "codespan-reporting"
version = "0.12.0"
source = "registry+https://github.com/rust-lang/crates.io-index"
checksum = "fe6d2e5af09e8c8ad56c969f2157a3d4238cebc7c55f0a517728c38f7b200f81"
dependencies = [
 "serde",
 "termcolor",
 "unicode-width",
]

[[package]]
name = "colorchoice"
version = "1.0.4"
source = "registry+https://github.com/rust-lang/crates.io-index"
checksum = "b05b61dc5112cbb17e4b6cd61790d9845d13888356391624cbe7e41efeac1e75"

[[package]]
name = "cxx"
version = "1.0.160"
source = "registry+https://github.com/rust-lang/crates.io-index"
checksum = "be1149bab7a5580cb267215751389597c021bfad13c0bb00c54e19559333764c"
dependencies = [
 "cc",
 "cxxbridge-cmd",
 "cxxbridge-flags",
 "cxxbridge-macro",
 "foldhash",
 "link-cplusplus",
]

[[package]]
name = "cxx-build"
version = "1.0.160"
source = "registry+https://github.com/rust-lang/crates.io-index"
checksum = "6aeeaf1aefae8e0f5141920a7ecbc64a22ab038d4b4ac59f2d19e0effafd5b53"
dependencies = [
 "cc",
 "codespan-reporting",
 "indexmap",
 "proc-macro2",
 "quote",
 "scratch",
 "syn",
]

[[package]]
name = "cxxbridge-cmd"
version = "1.0.160"
source = "registry+https://github.com/rust-lang/crates.io-index"
checksum = "c36ac1f9a72064b1f41fd7b49a4c1b3bf33b9ccb1274874dda6d264f57c55964"
dependencies = [
 "clap",
 "codespan-reporting",
 "indexmap",
 "proc-macro2",
 "quote",
 "syn",
]

[[package]]
name = "cxxbridge-flags"
version = "1.0.160"
source = "registry+https://github.com/rust-lang/crates.io-index"
checksum = "170c6ff5d009663866857a91ebee55b98ea4d4b34e7d7aba6dc4a4c95cc7b748"

[[package]]
name = "cxxbridge-macro"
version = "1.0.160"
source = "registry+https://github.com/rust-lang/crates.io-index"
checksum = "4984a142211026786011a7e79fa22faa1eca1e9cbf0e60bffecfd57fd3db88f1"
dependencies = [
 "indexmap",
 "proc-macro2",
 "quote",
 "rustversion",
 "syn",
]

[[package]]
name = "easy-smt"
version = "0.3.2"
source = "registry+https://github.com/rust-lang/crates.io-index"
checksum = "515cd4ec35e586919a532a81ed1e9285e2502ed3f49ecb9ba75fa3fe29eb950f"
dependencies = [
 "log",
 "unicode-segmentation",
]

[[package]]
name = "either"
version = "1.15.0"
source = "registry+https://github.com/rust-lang/crates.io-index"
checksum = "48c757948c5ede0e46177b7add2e67155f70e33c07fea8284df6576da70b3719"

[[package]]
name = "env_filter"
version = "0.1.3"
source = "registry+https://github.com/rust-lang/crates.io-index"
checksum = "186e05a59d4c50738528153b83b0b0194d3a29507dfec16eccd4b342903397d0"
dependencies = [
 "log",
 "regex",
]

[[package]]
name = "env_logger"
version = "0.11.8"
source = "registry+https://github.com/rust-lang/crates.io-index"
checksum = "13c863f0904021b108aa8b2f55046443e6b1ebde8fd4a15c399893aae4fa069f"
dependencies = [
 "anstream",
 "anstyle",
 "env_filter",
 "jiff",
 "log",
]

[[package]]
name = "equivalent"
version = "1.0.2"
source = "registry+https://github.com/rust-lang/crates.io-index"
checksum = "877a4ace8713b0bcf2a4e7eec82529c029f1d0619886d18145fea96c3ffe5c0f"

[[package]]
name = "foldhash"
version = "0.1.5"
source = "registry+https://github.com/rust-lang/crates.io-index"
checksum = "d9c4f5dac5e15c24eb999c26181a6ca40b39fe946cbe4c263c7209467bc83af2"

[[package]]
name = "getrandom"
version = "0.2.16"
source = "registry+https://github.com/rust-lang/crates.io-index"
checksum = "335ff9f135e4384c8150d6f27c6daed433577f86b4750418338c01a1a2528592"
dependencies = [
 "cfg-if",
 "libc",
 "wasi",
]

[[package]]
name = "hashbrown"
version = "0.15.4"
source = "registry+https://github.com/rust-lang/crates.io-index"
checksum = "5971ac85611da7067dbfcabef3c70ebb5606018acd9e2a3903a0da507521e0d5"

[[package]]
name = "indexmap"
version = "2.10.0"
source = "registry+https://github.com/rust-lang/crates.io-index"
checksum = "fe4cd85333e22411419a0bcae1297d25e58c9443848b11dc6a86fefe8c78a661"
dependencies = [
 "equivalent",
 "hashbrown",
]

[[package]]
name = "is_terminal_polyfill"
version = "1.70.1"
source = "registry+https://github.com/rust-lang/crates.io-index"
checksum = "7943c866cc5cd64cbc25b2e01621d07fa8eb2a1a23160ee81ce38704e97b8ecf"

[[package]]
name = "itertools"
version = "0.14.0"
source = "registry+https://github.com/rust-lang/crates.io-index"
checksum = "2b192c782037fadd9cfa75548310488aabdbf3d2da73885b31bd0abd03351285"
dependencies = [
 "either",
]

[[package]]
name = "itoa"
version = "1.0.15"
source = "registry+https://github.com/rust-lang/crates.io-index"
checksum = "4a5f13b858c8d314ee3e8f639011f7ccefe71f97f96e50151fb991f267928e2c"

[[package]]
name = "jiff"
version = "0.2.15"
source = "registry+https://github.com/rust-lang/crates.io-index"
checksum = "be1f93b8b1eb69c77f24bbb0afdf66f54b632ee39af40ca21c4365a1d7347e49"
dependencies = [
 "jiff-static",
 "log",
 "portable-atomic",
 "portable-atomic-util",
 "serde",
]

[[package]]
name = "jiff-static"
version = "0.2.15"
source = "registry+https://github.com/rust-lang/crates.io-index"
checksum = "03343451ff899767262ec32146f6d559dd759fdadf42ff0e227c7c48f72594b4"
dependencies = [
 "proc-macro2",
 "quote",
 "syn",
]

[[package]]
name = "jzon"
version = "0.12.5"
source = "registry+https://github.com/rust-lang/crates.io-index"
checksum = "17ab85f84ca42c5ec520e6f3c9966ba1fd62909ce260f8837e248857d2560509"

[[package]]
name = "lazy_static"
version = "1.5.0"
source = "registry+https://github.com/rust-lang/crates.io-index"
checksum = "bbd2bcb4c963f2ddae06a2efc7e9f3591312473c50c6685e1f298068316e66fe"

[[package]]
name = "libc"
version = "0.2.174"
source = "registry+https://github.com/rust-lang/crates.io-index"
checksum = "1171693293099992e19cddea4e8b849964e9846f4acee11b3948bcc337be8776"

[[package]]
name = "link-cplusplus"
version = "1.0.10"
source = "registry+https://github.com/rust-lang/crates.io-index"
checksum = "4a6f6da007f968f9def0d65a05b187e2960183de70c160204ecfccf0ee330212"
dependencies = [
 "cc",
]

[[package]]
name = "log"
version = "0.4.27"
source = "registry+https://github.com/rust-lang/crates.io-index"
checksum = "13dc2df351e3202783a1fe0d44375f7295ffb4049267b0f3018346dc122a1d94"

[[package]]
name = "memchr"
version = "2.7.5"
source = "registry+https://github.com/rust-lang/crates.io-index"
checksum = "32a282da65faaf38286cf3be983213fcf1d2e2a58700e808f83f4ea9a4804bc0"

[[package]]
name = "once_cell_polyfill"
version = "1.70.1"
source = "registry+https://github.com/rust-lang/crates.io-index"
checksum = "a4895175b425cb1f87721b59f0f286c2092bd4af812243672510e1ac53e2e0ad"

[[package]]
name = "openport"
version = "0.1.1"
source = "registry+https://github.com/rust-lang/crates.io-index"
checksum = "365c699f76305b3e62588961a288be10f0819ef1391f25870a69b35a213577cc"
dependencies = [
 "rand",
]

[[package]]
name = "portable-atomic"
version = "1.11.1"
source = "registry+https://github.com/rust-lang/crates.io-index"
checksum = "f84267b20a16ea918e43c6a88433c2d54fa145c92a811b5b047ccbe153674483"

[[package]]
name = "portable-atomic-util"
version = "0.2.4"
source = "registry+https://github.com/rust-lang/crates.io-index"
checksum = "d8a2f0d8d040d7848a709caf78912debcc3f33ee4b3cac47d73d1e1069e83507"
dependencies = [
 "portable-atomic",
]

[[package]]
name = "ppv-lite86"
version = "0.2.21"
source = "registry+https://github.com/rust-lang/crates.io-index"
checksum = "85eae3c4ed2f50dcfe72643da4befc30deadb458a9b590d720cde2f2b1e97da9"
dependencies = [
 "zerocopy",
]

[[package]]
name = "prjunnamed-generic"
version = "0.1.0"
dependencies = [
 "prjunnamed-netlist",
 "prjunnamed-pattern",
]

[[package]]
name = "prjunnamed-graphviz"
version = "0.1.0"
dependencies = [
 "prjunnamed-netlist",
]

[[package]]
name = "prjunnamed-lut"
version = "0.1.0"
dependencies = [
 "prjunnamed-netlist",
]

[[package]]
name = "prjunnamed-memory"
version = "0.1.0"
dependencies = [
 "prjunnamed-netlist",
]

[[package]]
name = "prjunnamed-netlist"
version = "0.1.0"
dependencies = [
 "easy-smt",
 "env_logger",
 "indexmap",
 "yap",
]

[[package]]
name = "prjunnamed-pattern"
version = "0.1.0"
dependencies = [
 "prjunnamed-netlist",
]

[[package]]
name = "prjunnamed-siliconblue"
version = "0.1.0"
dependencies = [
 "prjunnamed-generic",
 "prjunnamed-lut",
 "prjunnamed-memory",
 "prjunnamed-netlist",
]

[[package]]
name = "prjunnamed-yosys_json"
version = "0.1.0"
dependencies = [
 "jzon",
 "prjunnamed-netlist",
]

[[package]]
name = "proc-macro2"
version = "1.0.95"
source = "registry+https://github.com/rust-lang/crates.io-index"
checksum = "02b3e5e68a3a1a02aad3ec490a98007cbc13c37cbe84a3cd7b8e406d76e7f778"
dependencies = [
 "unicode-ident",
]

[[package]]
name = "quote"
version = "1.0.40"
source = "registry+https://github.com/rust-lang/crates.io-index"
checksum = "1885c039570dc00dcb4ff087a89e185fd56bae234ddc7f056a945bf36467248d"
dependencies = [
 "proc-macro2",
]

[[package]]
name = "rand"
version = "0.8.5"
source = "registry+https://github.com/rust-lang/crates.io-index"
checksum = "34af8d1a0e25924bc5b7c43c079c942339d8f0a8b57c39049bef581b46327404"
dependencies = [
 "libc",
 "rand_chacha",
 "rand_core",
]

[[package]]
name = "rand_chacha"
version = "0.3.1"
source = "registry+https://github.com/rust-lang/crates.io-index"
checksum = "e6c10a63a0fa32252be49d21e7709d4d4baf8d231c2dbce1eaa8141b9b127d88"
dependencies = [
 "ppv-lite86",
 "rand_core",
]

[[package]]
name = "rand_core"
version = "0.6.4"
source = "registry+https://github.com/rust-lang/crates.io-index"
checksum = "ec0be4795e2f6a28069bec0b5ff3e2ac9bafc99e6a9a7dc3547996c5c816922c"
dependencies = [
 "getrandom",
]

[[package]]
name = "regex"
version = "1.11.1"
source = "registry+https://github.com/rust-lang/crates.io-index"
checksum = "b544ef1b4eac5dc2db33ea63606ae9ffcfac26c1416a2806ae0bf5f56b201191"
dependencies = [
 "aho-corasick",
 "memchr",
 "regex-automata",
 "regex-syntax",
]

[[package]]
name = "regex-automata"
version = "0.4.9"
source = "registry+https://github.com/rust-lang/crates.io-index"
checksum = "809e8dc61f6de73b46c85f4c96486310fe304c434cfa43669d7b40f711150908"
dependencies = [
 "aho-corasick",
 "memchr",
 "regex-syntax",
]

[[package]]
name = "regex-syntax"
version = "0.8.5"
source = "registry+https://github.com/rust-lang/crates.io-index"
checksum = "2b15c43186be67a4fd63bee50d0303afffcef381492ebe2c5d87f324e1b8815c"

[[package]]
name = "rustversion"
version = "1.0.21"
source = "registry+https://github.com/rust-lang/crates.io-index"
checksum = "8a0d197bd2c9dc6e53b84da9556a69ba4cdfab8619eb41a8bd1cc2027a0f6b1d"

[[package]]
name = "ryu"
version = "1.0.20"
source = "registry+https://github.com/rust-lang/crates.io-index"
checksum = "28d3b2b1366ec20994f1fd18c3c594f05c5dd4bc44d8bb0c1c632c8d6829481f"

[[package]]
name = "scratch"
version = "1.0.8"
source = "registry+https://github.com/rust-lang/crates.io-index"
checksum = "9f6280af86e5f559536da57a45ebc84948833b3bee313a7dd25232e09c878a52"

[[package]]
name = "serde"
version = "1.0.219"
source = "registry+https://github.com/rust-lang/crates.io-index"
checksum = "5f0e2c6ed6606019b4e29e69dbaba95b11854410e5347d525002456dbbb786b6"
dependencies = [
 "serde_derive",
]

[[package]]
name = "serde_derive"
version = "1.0.219"
source = "registry+https://github.com/rust-lang/crates.io-index"
checksum = "5b0276cf7f2c73365f7157c8123c21cd9a50fbbd844757af28ca1f5925fc2a00"
dependencies = [
 "proc-macro2",
 "quote",
 "syn",
]

[[package]]
name = "serde_json"
version = "1.0.142"
source = "registry+https://github.com/rust-lang/crates.io-index"
checksum = "030fedb782600dcbd6f02d479bf0d817ac3bb40d644745b769d6a96bc3afc5a7"
dependencies = [
 "itoa",
 "memchr",
 "ryu",
 "serde",
]

[[package]]
name = "shlex"
version = "1.3.0"
source = "registry+https://github.com/rust-lang/crates.io-index"
checksum = "0fda2ff0d084019ba4d7c6f371c95d8fd75ce3524c3cb8fb653a3023f6323e64"

[[package]]
name = "strsim"
version = "0.11.1"
source = "registry+https://github.com/rust-lang/crates.io-index"
checksum = "7da8b5736845d9f2fcb837ea5d9e2628564b3b043a70948a3f0b778838c5fb4f"

[[package]]
name = "svql_common"
version = "0.1.0"
dependencies = [
 "cxx",
 "cxx-build",
 "lazy_static",
 "regex",
 "serde",
 "serde_json",
 "thiserror",
]

[[package]]
name = "svql_driver_handler"
version = "0.1.0"
dependencies = [
 "log",
 "openport",
 "svql_common",
 "thiserror",
]

[[package]]
name = "svql_pat"
version = "0.1.0"
dependencies = [
 "regex",
 "serde",
 "serde_json",
 "svql_common",
 "thiserror",
]

[[package]]
name = "svql_query"
version = "0.1.0"
dependencies = [
 "itertools",
 "lazy_static",
 "log",
 "serde",
 "serde_json",
 "svql_common",
 "svql_driver_handler",
 "thiserror",
]

[[package]]
name = "svql_query_downstream"
version = "0.1.0"
dependencies = [
 "env_logger",
 "itertools",
 "lazy_static",
 "log",
 "openport",
 "prjunnamed-netlist",
 "prjunnamed-yosys_json",
 "regex",
 "svql_common",
 "svql_driver_handler",
 "svql_query",
]

[[package]]
name = "svql_subgraph_isomorphism"
version = "0.1.0"

[[package]]
name = "syn"
version = "2.0.104"
source = "registry+https://github.com/rust-lang/crates.io-index"
checksum = "17b6f705963418cdb9927482fa304bc562ece2fdd4f616084c50b7023b435a40"
dependencies = [
 "proc-macro2",
 "quote",
 "unicode-ident",
]

[[package]]
name = "termcolor"
version = "1.4.1"
source = "registry+https://github.com/rust-lang/crates.io-index"
checksum = "06794f8f6c5c898b3275aebefa6b8a1cb24cd2c6c79397ab15774837a0bc5755"
dependencies = [
 "winapi-util",
]

[[package]]
name = "thiserror"
version = "2.0.12"
source = "registry+https://github.com/rust-lang/crates.io-index"
checksum = "567b8a2dae586314f7be2a752ec7474332959c6460e02bde30d702a66d488708"
dependencies = [
 "thiserror-impl",
]

[[package]]
name = "thiserror-impl"
version = "2.0.12"
source = "registry+https://github.com/rust-lang/crates.io-index"
checksum = "7f7cf42b4507d8ea322120659672cf1b9dbb93f8f2d4ecfd6e51350ff5b17a1d"
dependencies = [
 "proc-macro2",
 "quote",
 "syn",
]

[[package]]
name = "unicode-ident"
version = "1.0.18"
source = "registry+https://github.com/rust-lang/crates.io-index"
checksum = "5a5f39404a5da50712a4c1eecf25e90dd62b613502b7e925fd4e4d19b5c96512"

[[package]]
name = "unicode-segmentation"
version = "1.12.0"
source = "registry+https://github.com/rust-lang/crates.io-index"
checksum = "f6ccf251212114b54433ec949fd6a7841275f9ada20dddd2f29e9ceea4501493"

[[package]]
name = "unicode-width"
version = "0.2.1"
source = "registry+https://github.com/rust-lang/crates.io-index"
checksum = "4a1a07cc7db3810833284e8d372ccdc6da29741639ecc70c9ec107df0fa6154c"

[[package]]
name = "utf8parse"
version = "0.2.2"
source = "registry+https://github.com/rust-lang/crates.io-index"
checksum = "06abde3611657adf66d383f00b093d7faecc7fa57071cce2578660c9f1010821"

[[package]]
name = "wasi"
version = "0.11.1+wasi-snapshot-preview1"
source = "registry+https://github.com/rust-lang/crates.io-index"
checksum = "ccf3ec651a847eb01de73ccad15eb7d99f80485de043efb2f370cd654f4ea44b"

[[package]]
name = "winapi-util"
version = "0.1.9"
source = "registry+https://github.com/rust-lang/crates.io-index"
checksum = "cf221c93e13a30d793f7645a0e7762c55d169dbb0a49671918a2319d289b10bb"
dependencies = [
 "windows-sys",
]

[[package]]
name = "windows-sys"
version = "0.59.0"
source = "registry+https://github.com/rust-lang/crates.io-index"
checksum = "1e38bc4d79ed67fd075bcc251a1c39b32a1776bbe92e5bef1f0bf1f8c531853b"
dependencies = [
 "windows-targets",
]

[[package]]
name = "windows-targets"
version = "0.52.6"
source = "registry+https://github.com/rust-lang/crates.io-index"
checksum = "9b724f72796e036ab90c1021d4780d4d3d648aca59e491e6b98e725b84e99973"
dependencies = [
 "windows_aarch64_gnullvm",
 "windows_aarch64_msvc",
 "windows_i686_gnu",
 "windows_i686_gnullvm",
 "windows_i686_msvc",
 "windows_x86_64_gnu",
 "windows_x86_64_gnullvm",
 "windows_x86_64_msvc",
]

[[package]]
name = "windows_aarch64_gnullvm"
version = "0.52.6"
source = "registry+https://github.com/rust-lang/crates.io-index"
checksum = "32a4622180e7a0ec044bb555404c800bc9fd9ec262ec147edd5989ccd0c02cd3"

[[package]]
name = "windows_aarch64_msvc"
version = "0.52.6"
source = "registry+https://github.com/rust-lang/crates.io-index"
checksum = "09ec2a7bb152e2252b53fa7803150007879548bc709c039df7627cabbd05d469"

[[package]]
name = "windows_i686_gnu"
version = "0.52.6"
source = "registry+https://github.com/rust-lang/crates.io-index"
checksum = "8e9b5ad5ab802e97eb8e295ac6720e509ee4c243f69d781394014ebfe8bbfa0b"

[[package]]
name = "windows_i686_gnullvm"
version = "0.52.6"
source = "registry+https://github.com/rust-lang/crates.io-index"
checksum = "0eee52d38c090b3caa76c563b86c3a4bd71ef1a819287c19d586d7334ae8ed66"

[[package]]
name = "windows_i686_msvc"
version = "0.52.6"
source = "registry+https://github.com/rust-lang/crates.io-index"
checksum = "240948bc05c5e7c6dabba28bf89d89ffce3e303022809e73deaefe4f6ec56c66"

[[package]]
name = "windows_x86_64_gnu"
version = "0.52.6"
source = "registry+https://github.com/rust-lang/crates.io-index"
checksum = "147a5c80aabfbf0c7d901cb5895d1de30ef2907eb21fbbab29ca94c5b08b1a78"

[[package]]
name = "windows_x86_64_gnullvm"
version = "0.52.6"
source = "registry+https://github.com/rust-lang/crates.io-index"
checksum = "24d5b23dc417412679681396f2b49f3de8c1473deb516bd34410872eff51ed0d"

[[package]]
name = "windows_x86_64_msvc"
version = "0.52.6"
source = "registry+https://github.com/rust-lang/crates.io-index"
checksum = "589f6da84c646204747d1270a2a5661ea66ed1cced2631d546fdfb155959f9ec"

[[package]]
name = "yap"
version = "0.12.0"
source = "registry+https://github.com/rust-lang/crates.io-index"
checksum = "bfe269e7b803a5e8e20cbd97860e136529cd83bf2c9c6d37b142467e7e1f051f"

[[package]]
name = "zerocopy"
version = "0.8.26"
source = "registry+https://github.com/rust-lang/crates.io-index"
checksum = "1039dd0d3c310cf05de012d8a39ff557cb0d23087fd44cad61df08fc31907a2f"
dependencies = [
 "zerocopy-derive",
]

[[package]]
name = "zerocopy-derive"
version = "0.8.26"
source = "registry+https://github.com/rust-lang/crates.io-index"
checksum = "9ecf5b4cc5364572d7f4c329661bcc82724222973f2cab6f050a4e5c22f75181"
dependencies = [
 "proc-macro2",
 "quote",
 "syn",
]
